Microsoft Visual Studio Solution File, Format Version 12.00
# Visual Studio Version 17
VisualStudioVersion = 17.5.2.0
MinimumVisualStudioVersion = 10.0.40219.1
Project("{FAE04EC0-301F-11D3-BF4B-00C04F79EFBC}") = "SalaryManagementSystem", "SalaryManagementSystem.csproj", "{65673B83-C2D3-44E4-2098-94C4A704B099}"
EndProject
Global
	GlobalSection(SolutionConfigurationPlatforms) = preSolution
		Debug|Any CPU = Debug|Any CPU
		Release|Any CPU = Release|Any CPU
	EndGlobalSection
	GlobalSection(ProjectConfigurationPlatforms) = postSolution
		{65673B83-C2D3-44E4-2098-94C4A704B099}.Debug|Any CPU.ActiveCfg = Debug|Any CPU
		{65673B83-C2D3-44E4-2098-94C4A704B099}.Debug|Any CPU.Build.0 = Debug|Any CPU
		{65673B83-C2D3-44E4-2098-94C4A704B099}.Release|Any CPU.ActiveCfg = Release|Any CPU
		{65673B83-C2D3-44E4-2098-94C4A704B099}.Release|Any CPU.Build.0 = Release|Any CPU
	EndGlobalSection
	GlobalSection(SolutionProperties) = preSolution
		HideSolutionNode = FALSE
	EndGlobalSection
	GlobalSection(ExtensibilityGlobals) = postSolution
		SolutionGuid = {0F5F4561-F08F-425D-AB3F-23202C8D9A8D}
	EndGlobalSection
EndGlobal
