Microsoft Visual Studio Solution File, Format Version 12.00
# Visual Studio Version 17
VisualStudioVersion = 17.5.2.0
MinimumVisualStudioVersion = 10.0.40219.1
Project("{FAE04EC0-301F-11D3-BF4B-00C04F79EFBC}") = "Car_Information_System", "Car_Information_System.csproj", "{9B2F8509-1AE5-ED96-B1C8-38B3DB52B6B4}"
EndProject
Global
	GlobalSection(SolutionConfigurationPlatforms) = preSolution
		Debug|Any CPU = Debug|Any CPU
		Release|Any CPU = Release|Any CPU
	EndGlobalSection
	GlobalSection(ProjectConfigurationPlatforms) = postSolution
		{9B2F8509-1AE5-ED96-B1C8-38B3DB52B6B4}.Debug|Any CPU.ActiveCfg = Debug|Any CPU
		{9B2F8509-1AE5-ED96-B1C8-38B3DB52B6B4}.Debug|Any CPU.Build.0 = Debug|Any CPU
		{9B2F8509-1AE5-ED96-B1C8-38B3DB52B6B4}.Release|Any CPU.ActiveCfg = Release|Any CPU
		{9B2F8509-1AE5-ED96-B1C8-38B3DB52B6B4}.Release|Any CPU.Build.0 = Release|Any CPU
	EndGlobalSection
	GlobalSection(SolutionProperties) = preSolution
		HideSolutionNode = FALSE
	EndGlobalSection
	GlobalSection(ExtensibilityGlobals) = postSolution
		SolutionGuid = {7BC6A7FB-00BB-4C94-B6E6-1F3B1F259413}
	EndGlobalSection
EndGlobal
