Microsoft Visual Studio Solution File, Format Version 12.00
# Visual Studio Version 17
VisualStudioVersion = 17.5.2.0
MinimumVisualStudioVersion = 10.0.40219.1
Project("{FAE04EC0-301F-11D3-BF4B-00C04F79EFBC}") = "Scenario 3: Hospital Patient Management System", "Scenario 3: Hospital Patient Management System.csproj", "{FABE5233-1E16-F9E4-28F6-5FB10E6F34A0}"
EndProject
Global
	GlobalSection(SolutionConfigurationPlatforms) = preSolution
		Debug|Any CPU = Debug|Any CPU
		Release|Any CPU = Release|Any CPU
	EndGlobalSection
	GlobalSection(ProjectConfigurationPlatforms) = postSolution
		{FABE5233-1E16-F9E4-28F6-5FB10E6F34A0}.Debug|Any CPU.ActiveCfg = Debug|Any CPU
		{FABE5233-1E16-F9E4-28F6-5FB10E6F34A0}.Debug|Any CPU.Build.0 = Debug|Any CPU
		{FABE5233-1E16-F9E4-28F6-5FB10E6F34A0}.Release|Any CPU.ActiveCfg = Release|Any CPU
		{FABE5233-1E16-F9E4-28F6-5FB10E6F34A0}.Release|Any CPU.Build.0 = Release|Any CPU
	EndGlobalSection
	GlobalSection(SolutionProperties) = preSolution
		HideSolutionNode = FALSE
	EndGlobalSection
	GlobalSection(ExtensibilityGlobals) = postSolution
		SolutionGuid = {EE103964-39E9-470B-AE2A-249F3E7FB7D2}
	EndGlobalSection
EndGlobal
