Microsoft Visual Studio Solution File, Format Version 12.00
# Visual Studio Version 17
VisualStudioVersion = 17.5.2.0
MinimumVisualStudioVersion = 10.0.40219.1
Project("{FAE04EC0-301F-11D3-BF4B-00C04F79EFBC}") = "AnynomousAndExtensionDemo", "AnynomousAndExtensionDemo.csproj", "{9FF5BE86-43F8-8D43-CB18-FB4B72938BB1}"
EndProject
Global
	GlobalSection(SolutionConfigurationPlatforms) = preSolution
		Debug|Any CPU = Debug|Any CPU
		Release|Any CPU = Release|Any CPU
	EndGlobalSection
	GlobalSection(ProjectConfigurationPlatforms) = postSolution
		{9FF5BE86-43F8-8D43-CB18-FB4B72938BB1}.Debug|Any CPU.ActiveCfg = Debug|Any CPU
		{9FF5BE86-43F8-8D43-CB18-FB4B72938BB1}.Debug|Any CPU.Build.0 = Debug|Any CPU
		{9FF5BE86-43F8-8D43-CB18-FB4B72938BB1}.Release|Any CPU.ActiveCfg = Release|Any CPU
		{9FF5BE86-43F8-8D43-CB18-FB4B72938BB1}.Release|Any CPU.Build.0 = Release|Any CPU
	EndGlobalSection
	GlobalSection(SolutionProperties) = preSolution
		HideSolutionNode = FALSE
	EndGlobalSection
	GlobalSection(ExtensibilityGlobals) = postSolution
		SolutionGuid = {17292822-9E58-4B61-9633-6A75EEB5773A}
	EndGlobalSection
EndGlobal
