Microsoft Visual Studio Solution File, Format Version 12.00
# Visual Studio Version 17
VisualStudioVersion = 17.5.2.0
MinimumVisualStudioVersion = 10.0.40219.1
Project("{FAE04EC0-301F-11D3-BF4B-00C04F79EFBC}") = "ArrayImplementationInCSharp", "ArrayImplementationInCSharp.csproj", "{11BDE821-2BEE-420A-54A8-187D85E36805}"
EndProject
Global
	GlobalSection(SolutionConfigurationPlatforms) = preSolution
		Debug|Any CPU = Debug|Any CPU
		Release|Any CPU = Release|Any CPU
	EndGlobalSection
	GlobalSection(ProjectConfigurationPlatforms) = postSolution
		{11BDE821-2BEE-420A-54A8-187D85E36805}.Debug|Any CPU.ActiveCfg = Debug|Any CPU
		{11BDE821-2BEE-420A-54A8-187D85E36805}.Debug|Any CPU.Build.0 = Debug|Any CPU
		{11BDE821-2BEE-420A-54A8-187D85E36805}.Release|Any CPU.ActiveCfg = Release|Any CPU
		{11BDE821-2BEE-420A-54A8-187D85E36805}.Release|Any CPU.Build.0 = Release|Any CPU
	EndGlobalSection
	GlobalSection(SolutionProperties) = preSolution
		HideSolutionNode = FALSE
	EndGlobalSection
	GlobalSection(ExtensibilityGlobals) = postSolution
		SolutionGuid = {70612362-F733-4DFE-94B0-ACE3338FA387}
	EndGlobalSection
EndGlobal
