Microsoft Visual Studio Solution File, Format Version 12.00
# Visual Studio Version 17
VisualStudioVersion = 17.5.2.0
MinimumVisualStudioVersion = 10.0.40219.1
Project("{FAE04EC0-301F-11D3-BF4B-00C04F79EFBC}") = "OOPPractice", "OOPPractice.csproj", "{3A8CF128-4F2A-B51C-87BD-D8FD02660E29}"
EndProject
Global
	GlobalSection(SolutionConfigurationPlatforms) = preSolution
		Debug|Any CPU = Debug|Any CPU
		Release|Any CPU = Release|Any CPU
	EndGlobalSection
	GlobalSection(ProjectConfigurationPlatforms) = postSolution
		{3A8CF128-4F2A-B51C-87BD-D8FD02660E29}.Debug|Any CPU.ActiveCfg = Debug|Any CPU
		{3A8CF128-4F2A-B51C-87BD-D8FD02660E29}.Debug|Any CPU.Build.0 = Debug|Any CPU
		{3A8CF128-4F2A-B51C-87BD-D8FD02660E29}.Release|Any CPU.ActiveCfg = Release|Any CPU
		{3A8CF128-4F2A-B51C-87BD-D8FD02660E29}.Release|Any CPU.Build.0 = Release|Any CPU
	EndGlobalSection
	GlobalSection(SolutionProperties) = preSolution
		HideSolutionNode = FALSE
	EndGlobalSection
	GlobalSection(ExtensibilityGlobals) = postSolution
		SolutionGuid = {7EC93F3D-DA8B-4C70-9062-3722E2FD8D09}
	EndGlobalSection
EndGlobal
