Microsoft Visual Studio Solution File, Format Version 12.00
# Visual Studio Version 17
VisualStudioVersion = 17.5.2.0
MinimumVisualStudioVersion = 10.0.40219.1
Project("{FAE04EC0-301F-11D3-BF4B-00C04F79EFBC}") = "Entity Framework Demo adding database with database first approach", "Entity Framework Demo adding database with database first approach.csproj", "{F40C4E3A-EA36-FF4F-9BB5-8C03BA405B1B}"
EndProject
Global
	GlobalSection(SolutionConfigurationPlatforms) = preSolution
		Debug|Any CPU = Debug|Any CPU
		Release|Any CPU = Release|Any CPU
	EndGlobalSection
	GlobalSection(ProjectConfigurationPlatforms) = postSolution
		{F40C4E3A-EA36-FF4F-9BB5-8C03BA405B1B}.Debug|Any CPU.ActiveCfg = Debug|Any CPU
		{F40C4E3A-EA36-FF4F-9BB5-8C03BA405B1B}.Debug|Any CPU.Build.0 = Debug|Any CPU
		{F40C4E3A-EA36-FF4F-9BB5-8C03BA405B1B}.Release|Any CPU.ActiveCfg = Release|Any CPU
		{F40C4E3A-EA36-FF4F-9BB5-8C03BA405B1B}.Release|Any CPU.Build.0 = Release|Any CPU
	EndGlobalSection
	GlobalSection(SolutionProperties) = preSolution
		HideSolutionNode = FALSE
	EndGlobalSection
	GlobalSection(ExtensibilityGlobals) = postSolution
		SolutionGuid = {31E8B3FE-CFFC-4430-B2E5-510F8DB3B12B}
	EndGlobalSection
EndGlobal
