Microsoft Visual Studio Solution File, Format Version 12.00
# Visual Studio Version 17
VisualStudioVersion = 17.5.2.0
MinimumVisualStudioVersion = 10.0.40219.1
Project("{FAE04EC0-301F-11D3-BF4B-00C04F79EFBC}") = "IndexerPractice", "IndexerPractice.csproj", "{3C6A8A14-441B-D6A5-0587-95575B15AF6E}"
EndProject
Global
	GlobalSection(SolutionConfigurationPlatforms) = preSolution
		Debug|Any CPU = Debug|Any CPU
		Release|Any CPU = Release|Any CPU
	EndGlobalSection
	GlobalSection(ProjectConfigurationPlatforms) = postSolution
		{3C6A8A14-441B-D6A5-0587-95575B15AF6E}.Debug|Any CPU.ActiveCfg = Debug|Any CPU
		{3C6A8A14-441B-D6A5-0587-95575B15AF6E}.Debug|Any CPU.Build.0 = Debug|Any CPU
		{3C6A8A14-441B-D6A5-0587-95575B15AF6E}.Release|Any CPU.ActiveCfg = Release|Any CPU
		{3C6A8A14-441B-D6A5-0587-95575B15AF6E}.Release|Any CPU.Build.0 = Release|Any CPU
	EndGlobalSection
	GlobalSection(SolutionProperties) = preSolution
		HideSolutionNode = FALSE
	EndGlobalSection
	GlobalSection(ExtensibilityGlobals) = postSolution
		SolutionGuid = {41DD3D74-7D47-4236-842E-D822AEB6E7DB}
	EndGlobalSection
EndGlobal
